Microsoft Visual Studio Solution File, Format Version 12.00
# Visual Studio Version 17
VisualStudioVersion = 17.5.2.0
MinimumVisualStudioVersion = 10.0.40219.1
Project("{FAE04EC0-301F-11D3-BF4B-00C04F79EFBC}") = "ASP .NET MVC", "ASP .NET MVC.csproj", "{2B72CB86-24F7-75D3-D37E-EB46B3008BB3}"
EndProject
Global
	GlobalSection(SolutionConfigurationPlatforms) = preSolution
		Debug|Any CPU = Debug|Any CPU
		Release|Any CPU = Release|Any CPU
	EndGlobalSection
	GlobalSection(ProjectConfigurationPlatforms) = postSolution
		{2B72CB86-24F7-75D3-D37E-EB46B3008BB3}.Debug|Any CPU.ActiveCfg = Debug|Any CPU
		{2B72CB86-24F7-75D3-D37E-EB46B3008BB3}.Debug|Any CPU.Build.0 = Debug|Any CPU
		{2B72CB86-24F7-75D3-D37E-EB46B3008BB3}.Release|Any CPU.ActiveCfg = Release|Any CPU
		{2B72CB86-24F7-75D3-D37E-EB46B3008BB3}.Release|Any CPU.Build.0 = Release|Any CPU
	EndGlobalSection
	GlobalSection(SolutionProperties) = preSolution
		HideSolutionNode = FALSE
	EndGlobalSection
	GlobalSection(ExtensibilityGlobals) = postSolution
		SolutionGuid = {4415ABC2-DC2C-4882-9C6F-E9F8173C8DD3}
	EndGlobalSection
EndGlobal
